
Microsoft Visual Studio Solution File, Format Version 12.00
# Visual Studio Version 17
VisualStudioVersion = 17.4.33213.308
MinimumVisualStudioVersion = 10.0.40219.1
Project("{9A19103F-16F7-4668-BE54-9A1E7A4F7556}") = "AS.Bilar.Service", "AS.Bilar.Service\AS.Bilar.Service.csproj", "{775ED58B-657A-4AD9-8E70-C19FB2394C0B}"
EndProject
Project("{FAE04EC0-301F-11D3-BF4B-00C04F79EFBC}") = "AS.Bilar.DAL", "AS.Bilar.DAL\AS.Bilar.DAL.csproj", "{037B71EC-BC03-412D-B798-66DA870BEC23}"
EndProject
Project("{FAE04EC0-301F-11D3-BF4B-00C04F79EFBC}") = "AS.Bilar.Tests", "AS.Bilar.Tests\AS.Bilar.Tests.csproj", "{7B7AC998-445C-48D7-BC7F-EE1C6475CDE7}"
EndProject
Global
	GlobalSection(SolutionConfigurationPlatforms) = preSolution
		Debug|Any CPU = Debug|Any CPU
		Release|Any CPU = Release|Any CPU
	EndGlobalSection
	GlobalSection(ProjectConfigurationPlatforms) = postSolution
		{775ED58B-657A-4AD9-8E70-C19FB2394C0B}.Debug|Any CPU.ActiveCfg = Debug|Any CPU
		{775ED58B-657A-4AD9-8E70-C19FB2394C0B}.Debug|Any CPU.Build.0 = Debug|Any CPU
		{775ED58B-657A-4AD9-8E70-C19FB2394C0B}.Release|Any CPU.ActiveCfg = Release|Any CPU
		{775ED58B-657A-4AD9-8E70-C19FB2394C0B}.Release|Any CPU.Build.0 = Release|Any CPU
		{037B71EC-BC03-412D-B798-66DA870BEC23}.Debug|Any CPU.ActiveCfg = Debug|Any CPU
		{037B71EC-BC03-412D-B798-66DA870BEC23}.Debug|Any CPU.Build.0 = Debug|Any CPU
		{037B71EC-BC03-412D-B798-66DA870BEC23}.Release|Any CPU.ActiveCfg = Release|Any CPU
		{037B71EC-BC03-412D-B798-66DA870BEC23}.Release|Any CPU.Build.0 = Release|Any CPU
		{7B7AC998-445C-48D7-BC7F-EE1C6475CDE7}.Debug|Any CPU.ActiveCfg = Debug|Any CPU
		{7B7AC998-445C-48D7-BC7F-EE1C6475CDE7}.Debug|Any CPU.Build.0 = Debug|Any CPU
		{7B7AC998-445C-48D7-BC7F-EE1C6475CDE7}.Release|Any CPU.ActiveCfg = Release|Any CPU
		{7B7AC998-445C-48D7-BC7F-EE1C6475CDE7}.Release|Any CPU.Build.0 = Release|Any CPU
	EndGlobalSection
	GlobalSection(SolutionProperties) = preSolution
		HideSolutionNode = FALSE
	EndGlobalSection
	GlobalSection(ExtensibilityGlobals) = postSolution
		SolutionGuid = {9EC67D10-EA51-46DB-8159-FBED225659BE}
	EndGlobalSection
EndGlobal
